{
    "name": "simple-owot-bot",
    "version": "2.0.0",
    "lockfileVersion": 3,
    "requires": true,
    "packages": {
        "": {
            "name": "simple-owot-bot",
            "version": "2.0.0",
            "license": "GPL-3.0",
            "dependencies": {
                "ws": "^8.16.0"
            },
            "devDependencies": {
                "@types/node": "^20.12.4",
                "@types/qs": "^6.9.14",
                "@types/ws": "^8.5.10",
                "typescript": "^5.4.3"
            }
        },
        "node_modules/@types/node": {
            "version": "20.12.4",
            "resolved": "https://registry.npmjs.org/@types/node/-/node-20.12.4.tgz",
            "integrity": "sha512-E+Fa9z3wSQpzgYQdYmme5X3OTuejnnTx88A6p6vkkJosR3KBz+HpE3kqNm98VE6cfLFcISx7zW7MsJkH6KwbTw==",
            "dev": true,
            "dependencies": {
                "undici-types": "~5.26.4"
            }
        },
        "node_modules/@types/qs": {
            "version": "6.9.14",
            "resolved": "https://registry.npmjs.org/@types/qs/-/qs-6.9.14.tgz",
            "integrity": "sha512-5khscbd3SwWMhFqylJBLQ0zIu7c1K6Vz0uBIt915BI3zV0q1nfjRQD3RqSBcPaO6PHEF4ov/t9y89fSiyThlPA==",
            "dev": true
        },
        "node_modules/@types/ws": {
            "version": "8.5.10",
            "resolved": "https://registry.npmjs.org/@types/ws/-/ws-8.5.10.tgz",
            "integrity": "sha512-vmQSUcfalpIq0R9q7uTo2lXs6eGIpt9wtnLdMv9LVpIjCA/+ufZRozlVoVelIYixx1ugCBKDhn89vnsEGOCx9A==",
            "dev": true,
            "dependencies": {
                "@types/node": "*"
            }
        },
        "node_modules/typescript": {
            "version": "5.4.3",
            "resolved": "https://registry.npmjs.org/typescript/-/typescript-5.4.3.tgz",
            "integrity": "sha512-KrPd3PKaCLr78MalgiwJnA25Nm8HAmdwN3mYUYZgG/wizIo9EainNVQI9/yDavtVFRN2h3k8uf3GLHuhDMgEHg==",
            "dev": true,
            "bin": {
                "tsc": "bin/tsc",
                "tsserver": "bin/tsserver"
            },
            "engines": {
                "node": ">=14.17"
            }
        },
        "node_modules/undici-types": {
            "version": "5.26.5",
            "resolved": "https://registry.npmjs.org/undici-types/-/undici-types-5.26.5.tgz",
            "integrity": "sha512-JlCMO+ehdEIKqlFxk6IfVoAUVmgz7cU7zD/h9XZ0qzeosSHmUJVOzSQvvYSYWXkFXC+IfLKSIffhv0sVZup6pA==",
            "dev": true
        },
        "node_modules/ws": {
            "version": "8.16.0",
            "resolved": "https://registry.npmjs.org/ws/-/ws-8.16.0.tgz",
            "integrity": "sha512-HS0c//TP7Ina87TfiPUz1rQzMhHrl/SG2guqRcTOIUYD2q8uhUdNHZYJUaQ8aTGPzCh+c6oawMKW35nFl1dxyQ==",
            "engines": {
                "node": ">=10.0.0"
            },
            "peerDependencies": {
                "bufferutil": "^4.0.1",
                "utf-8-validate": ">=5.0.2"
            },
            "peerDependenciesMeta": {
                "bufferutil": {
                    "optional": true
                },
                "utf-8-validate": {
                    "optional": true
                }
            }
        }
    }
}
